{
  "name": "merr",
  "lockfileVersion": 2,
  "requires": true,
  "packages": {
    "": {
      "devDependencies": {
        "ws": "^7.4.6"
      }
    },
    "node_modules/ws": {
      "version": "7.5.1",
      "resolved": "https://registry.npmjs.org/ws/-/ws-7.5.1.tgz",
      "integrity": "sha512-2c6faOUH/nhoQN6abwMloF7Iyl0ZS2E9HGtsiLrWn0zOOMWlhtDmdf/uihDt6jnuCxgtwGBNy6Onsoy2s2O2Ow==",
      "dev": true,
      "engines": {
        "node": ">=8.3.0"
      },
      "peerDependencies": {
        "bufferutil": "^4.0.1",
        "utf-8-validate": "^5.0.2"
      },
      "peerDependenciesMeta": {
        "bufferutil": {
          "optional": true
        },
        "utf-8-validate": {
          "optional": true
        }
      }
    }
  },
  "dependencies": {
    "ws": {
      "version": "7.5.1",
      "resolved": "https://registry.npmjs.org/ws/-/ws-7.5.1.tgz",
      "integrity": "sha512-2c6faOUH/nhoQN6abwMloF7Iyl0ZS2E9HGtsiLrWn0zOOMWlhtDmdf/uihDt6jnuCxgtwGBNy6Onsoy2s2O2Ow==",
      "dev": true,
      "requires": {}
    }
  }
}
